
Microsoft Visual Studio Solution File, Format Version 12.00
# Visual Studio 15
VisualStudioVersion = 15.0.28307.102
MinimumVisualStudioVersion = 10.0.40219.1
Project("{FAE04EC0-301F-11D3-BF4B-00C04F79EFBC}") = "FileReader", "FileReader\FileReader.csproj", "{BBEB62E1-13E7-449F-97F0-8170A1518480}"
EndProject
Project("{FAE04EC0-301F-11D3-BF4B-00C04F79EFBC}") = "FileReaderApp", "FileReaderApp\FileReaderApp.csproj", "{CA7BC8FA-0273-4705-8250-37A8391E109C}"
EndProject
Global
	GlobalSection(SolutionConfigurationPlatforms) = preSolution
		Debug|Any CPU = Debug|Any CPU
		Release|Any CPU = Release|Any CPU
	EndGlobalSection
	GlobalSection(ProjectConfigurationPlatforms) = postSolution
		{BBEB62E1-13E7-449F-97F0-8170A1518480}.Debug|Any CPU.ActiveCfg = Debug|Any CPU
		{BBEB62E1-13E7-449F-97F0-8170A1518480}.Debug|Any CPU.Build.0 = Debug|Any CPU
		{BBEB62E1-13E7-449F-97F0-8170A1518480}.Release|Any CPU.ActiveCfg = Release|Any CPU
		{BBEB62E1-13E7-449F-97F0-8170A1518480}.Release|Any CPU.Build.0 = Release|Any CPU
		{CA7BC8FA-0273-4705-8250-37A8391E109C}.Debug|Any CPU.ActiveCfg = Debug|Any CPU
		{CA7BC8FA-0273-4705-8250-37A8391E109C}.Debug|Any CPU.Build.0 = Debug|Any CPU
		{CA7BC8FA-0273-4705-8250-37A8391E109C}.Release|Any CPU.ActiveCfg = Release|Any CPU
		{CA7BC8FA-0273-4705-8250-37A8391E109C}.Release|Any CPU.Build.0 = Release|Any CPU
	EndGlobalSection
	GlobalSection(SolutionProperties) = preSolution
		HideSolutionNode = FALSE
	EndGlobalSection
	GlobalSection(ExtensibilityGlobals) = postSolution
		SolutionGuid = {69436B3B-C752-48E8-A7A2-D39832F372A7}
	EndGlobalSection
EndGlobal
